
Microsoft Visual Studio Solution File, Format Version 9.00
# Visual C# Express 2005
Project("{FAE04EC0-301F-11D3-BF4B-00C04F79EFBC}") = "PluginMovieTagger", "PluginMovieTagger\PluginMovieTagger.csproj", "{ABB3EF98-EAD4-42FE-852E-A971E929B6B6}"
EndProject
Global
	GlobalSection(SolutionConfigurationPlatforms) = preSolution
		Debug|Any CPU = Debug|Any CPU
		Release|Any CPU = Release|Any CPU
	EndGlobalSection
	GlobalSection(ProjectConfigurationPlatforms) = postSolution
		{ABB3EF98-EAD4-42FE-852E-A971E929B6B6}.Debug|Any CPU.ActiveCfg = Debug|Any CPU
		{ABB3EF98-EAD4-42FE-852E-A971E929B6B6}.Debug|Any CPU.Build.0 = Debug|Any CPU
		{ABB3EF98-EAD4-42FE-852E-A971E929B6B6}.Release|Any CPU.ActiveCfg = Release|Any CPU
		{ABB3EF98-EAD4-42FE-852E-A971E929B6B6}.Release|Any CPU.Build.0 = Release|Any CPU
	EndGlobalSection
	GlobalSection(SolutionProperties) = preSolution
		HideSolutionNode = FALSE
	EndGlobalSection
EndGlobal
