
Microsoft Visual Studio Solution File, Format Version 9.00
# Visual C# Express 2005
Project("{FAE04EC0-301F-11D3-BF4B-00C04F79EFBC}") = "BTVRenamer", "BTVRenamer\BTVRenamer.csproj", "{6DE844A0-308B-4AE1-B5FC-9339AE6D58DB}"
EndProject
Global
	GlobalSection(SolutionConfigurationPlatforms) = preSolution
		Debug|Any CPU = Debug|Any CPU
		Release|Any CPU = Release|Any CPU
	EndGlobalSection
	GlobalSection(ProjectConfigurationPlatforms) = postSolution
		{6DE844A0-308B-4AE1-B5FC-9339AE6D58DB}.Debug|Any CPU.ActiveCfg = Debug|Any CPU
		{6DE844A0-308B-4AE1-B5FC-9339AE6D58DB}.Debug|Any CPU.Build.0 = Debug|Any CPU
		{6DE844A0-308B-4AE1-B5FC-9339AE6D58DB}.Release|Any CPU.ActiveCfg = Release|Any CPU
		{6DE844A0-308B-4AE1-B5FC-9339AE6D58DB}.Release|Any CPU.Build.0 = Release|Any CPU
	EndGlobalSection
	GlobalSection(SolutionProperties) = preSolution
		HideSolutionNode = FALSE
	EndGlobalSection
EndGlobal
